
Microsoft Visual Studio Solution File, Format Version 12.00
# Visual Studio Version 16
VisualStudioVersion = 16.0.30104.148
MinimumVisualStudioVersion = 10.0.40219.1
Project("{9A19103F-16F7-4668-BE54-9A1E7A4F7556}") = "Fiap20Mob.RM339001.Cloud.Api", "Fiap20Mob.RM339001.Cloud.Api\Fiap20Mob.RM339001.Cloud.Api.csproj", "{D10ABBEB-5834-4599-9903-D9BA9FB385E4}"
EndProject
Global
	GlobalSection(SolutionConfigurationPlatforms) = preSolution
		Debug|Any CPU = Debug|Any CPU
		Release|Any CPU = Release|Any CPU
	EndGlobalSection
	GlobalSection(ProjectConfigurationPlatforms) = postSolution
		{D10ABBEB-5834-4599-9903-D9BA9FB385E4}.Debug|Any CPU.ActiveCfg = Debug|Any CPU
		{D10ABBEB-5834-4599-9903-D9BA9FB385E4}.Debug|Any CPU.Build.0 = Debug|Any CPU
		{D10ABBEB-5834-4599-9903-D9BA9FB385E4}.Release|Any CPU.ActiveCfg = Release|Any CPU
		{D10ABBEB-5834-4599-9903-D9BA9FB385E4}.Release|Any CPU.Build.0 = Release|Any CPU
	EndGlobalSection
	GlobalSection(SolutionProperties) = preSolution
		HideSolutionNode = FALSE
	EndGlobalSection
	GlobalSection(ExtensibilityGlobals) = postSolution
		SolutionGuid = {47295E2A-C7B0-4B47-8D15-0A3CCE5D4959}
	EndGlobalSection
EndGlobal
